
Microsoft Visual Studio Solution File, Format Version 12.00
# Visual Studio Version 16
VisualStudioVersion = 16.0.29123.88
MinimumVisualStudioVersion = 10.0.40219.1
Project("{FAE04EC0-301F-11D3-BF4B-00C04F79EFBC}") = "TicTacToe", "TicTacToe.csproj", "{4194F641-6BC8-4E7D-9E6A-F991DB04A22E}"
EndProject
Global
	GlobalSection(SolutionConfigurationPlatforms) = preSolution
		Debug|Any CPU = Debug|Any CPU
		Release|Any CPU = Release|Any CPU
	EndGlobalSection
	GlobalSection(ProjectConfigurationPlatforms) = postSolution
		{4194F641-6BC8-4E7D-9E6A-F991DB04A22E}.Debug|Any CPU.ActiveCfg = Debug|Any CPU
		{4194F641-6BC8-4E7D-9E6A-F991DB04A22E}.Debug|Any CPU.Build.0 = Debug|Any CPU
		{4194F641-6BC8-4E7D-9E6A-F991DB04A22E}.Release|Any CPU.ActiveCfg = Release|Any CPU
		{4194F641-6BC8-4E7D-9E6A-F991DB04A22E}.Release|Any CPU.Build.0 = Release|Any CPU
	EndGlobalSection
	GlobalSection(SolutionProperties) = preSolution
		HideSolutionNode = FALSE
	EndGlobalSection
	GlobalSection(ExtensibilityGlobals) = postSolution
		SolutionGuid = {82AAA686-017F-4D27-ACA1-F1C023563F52}
	EndGlobalSection
EndGlobal
